
Microsoft Visual Studio Solution File, Format Version 12.00
# Visual Studio Version 17
VisualStudioVersion = 17.2.32630.192
MinimumVisualStudioVersion = 10.0.40219.1
Project("{9A19103F-16F7-4668-BE54-9A1E7A4F7556}") = "MyConv", "MyConv\MyConv.csproj", "{04B3A46E-E0C4-46C2-B242-6402D7956186}"
EndProject
Global
	GlobalSection(SolutionConfigurationPlatforms) = preSolution
		Debug|Any CPU = Debug|Any CPU
		Release|Any CPU = Release|Any CPU
	EndGlobalSection
	GlobalSection(ProjectConfigurationPlatforms) = postSolution
		{04B3A46E-E0C4-46C2-B242-6402D7956186}.Debug|Any CPU.ActiveCfg = Debug|Any CPU
		{04B3A46E-E0C4-46C2-B242-6402D7956186}.Debug|Any CPU.Build.0 = Debug|Any CPU
		{04B3A46E-E0C4-46C2-B242-6402D7956186}.Release|Any CPU.ActiveCfg = Release|Any CPU
		{04B3A46E-E0C4-46C2-B242-6402D7956186}.Release|Any CPU.Build.0 = Release|Any CPU
	EndGlobalSection
	GlobalSection(SolutionProperties) = preSolution
		HideSolutionNode = FALSE
	EndGlobalSection
	GlobalSection(ExtensibilityGlobals) = postSolution
		SolutionGuid = {E1C4A943-DDA2-4442-9A52-A168B68B54D6}
	EndGlobalSection
EndGlobal
